{
    "_meta": {
        "hash": {
            "sha256": "73b7bf304d2434c6c150255f03965d5a387349702093b78011ddf3dd8e4a5900"
        },
        "requires": {
            "python_version": "3.5.2"
        },
        "sources": [
            {
                "url": "https://pypi.python.org/simple",
                "verify_ssl": true
            }
        ]
    },
    "default": {
        "SQLAlchemy": "*",
        "apistar": "*",
        "psycopg2": "*"
    },
    "develop": {
        "alembic": "*"
    }
}