{
    "_meta": {
        "hash": {
            "sha256": "f92beea998b5de893ef12435036402518fb773feb4bd0a34ca0cd23c9e969b8e"
        },
        "requires": {},
        "sources": [
            {
                "url": "https://pypi.python.org/simple",
                "verify_ssl": true
            }
        ]
    },
    "default": {
        "SQLAlchemy": "*",
        "apistar": "*",
        "psycopg2": "*"
    },
    "develop": {
        "alembic": "*"
    }
}